
Microsoft Visual Studio Solution File, Format Version 12.00
# Visual Studio Version 16
VisualStudioVersion = 16.0.30225.117
MinimumVisualStudioVersion = 10.0.40219.1
Project("{888888A0-9F3D-457C-B088-3A5042F75D52}") = "文字识别", "文字识别.pyproj", "{9375EDAB-73F8-450E-A960-B743C98F72AE}"
EndProject
Global
	GlobalSection(SolutionConfigurationPlatforms) = preSolution
		Debug|Any CPU = Debug|Any CPU
		Release|Any CPU = Release|Any CPU
	EndGlobalSection
	GlobalSection(ProjectConfigurationPlatforms) = postSolution
		{9375EDAB-73F8-450E-A960-B743C98F72AE}.Debug|Any CPU.ActiveCfg = Debug|Any CPU
		{9375EDAB-73F8-450E-A960-B743C98F72AE}.Release|Any CPU.ActiveCfg = Release|Any CPU
	EndGlobalSection
	GlobalSection(SolutionProperties) = preSolution
		HideSolutionNode = FALSE
	EndGlobalSection
	GlobalSection(ExtensibilityGlobals) = postSolution
		SolutionGuid = {C2C8F517-458B-4051-A32E-60BB32E13EA3}
	EndGlobalSection
EndGlobal
